
Microsoft Visual Studio Solution File, Format Version 12.00
# Visual Studio Version 16
VisualStudioVersion = 16.0.31005.135
MinimumVisualStudioVersion = 10.0.40219.1
Project("{FAE04EC0-301F-11D3-BF4B-00C04F79EFBC}") = "Enum_Collection(app1)", "Enum_Collection(app1)\Enum_Collection(app1).csproj", "{A5F7F471-D634-4D9C-A47F-EA834D91E470}"
EndProject
Global
	GlobalSection(SolutionConfigurationPlatforms) = preSolution
		Debug|Any CPU = Debug|Any CPU
		Release|Any CPU = Release|Any CPU
	EndGlobalSection
	GlobalSection(ProjectConfigurationPlatforms) = postSolution
		{A5F7F471-D634-4D9C-A47F-EA834D91E470}.Debug|Any CPU.ActiveCfg = Debug|Any CPU
		{A5F7F471-D634-4D9C-A47F-EA834D91E470}.Debug|Any CPU.Build.0 = Debug|Any CPU
		{A5F7F471-D634-4D9C-A47F-EA834D91E470}.Release|Any CPU.ActiveCfg = Release|Any CPU
		{A5F7F471-D634-4D9C-A47F-EA834D91E470}.Release|Any CPU.Build.0 = Release|Any CPU
	EndGlobalSection
	GlobalSection(SolutionProperties) = preSolution
		HideSolutionNode = FALSE
	EndGlobalSection
	GlobalSection(ExtensibilityGlobals) = postSolution
		SolutionGuid = {A770CAE5-1831-45A2-8FA5-6281B351515A}
	EndGlobalSection
EndGlobal
